
Microsoft Visual Studio Solution File, Format Version 12.00
# Visual Studio Version 17
VisualStudioVersion = 17.0.31903.59
MinimumVisualStudioVersion = 10.0.40219.1
Project("{9A19103F-16F7-4668-BE54-9A1E7A4F7556}") = "MemoryAddressHelpers", "AddressHelpers\MemoryAddressHelpers.csproj", "{9F3F8C02-F217-4883-B119-C5DB3192D9A2}"
EndProject
Project("{FAE04EC0-301F-11D3-BF4B-00C04F79EFBC}") = "MemoryAddressHelpers.Tests", "AddressHelpers.Tests\MemoryAddressHelpers.Tests.csproj", "{2574E03F-1956-4A57-A9F4-8AB09243AD5D}"
EndProject
Global
	GlobalSection(SolutionConfigurationPlatforms) = preSolution
		Debug|Any CPU = Debug|Any CPU
		Release|Any CPU = Release|Any CPU
	EndGlobalSection
	GlobalSection(ProjectConfigurationPlatforms) = postSolution
		{9F3F8C02-F217-4883-B119-C5DB3192D9A2}.Debug|Any CPU.ActiveCfg = Debug|Any CPU
		{9F3F8C02-F217-4883-B119-C5DB3192D9A2}.Debug|Any CPU.Build.0 = Debug|Any CPU
		{9F3F8C02-F217-4883-B119-C5DB3192D9A2}.Release|Any CPU.ActiveCfg = Release|Any CPU
		{9F3F8C02-F217-4883-B119-C5DB3192D9A2}.Release|Any CPU.Build.0 = Release|Any CPU
		{2574E03F-1956-4A57-A9F4-8AB09243AD5D}.Debug|Any CPU.ActiveCfg = Debug|Any CPU
		{2574E03F-1956-4A57-A9F4-8AB09243AD5D}.Debug|Any CPU.Build.0 = Debug|Any CPU
		{2574E03F-1956-4A57-A9F4-8AB09243AD5D}.Release|Any CPU.ActiveCfg = Release|Any CPU
		{2574E03F-1956-4A57-A9F4-8AB09243AD5D}.Release|Any CPU.Build.0 = Release|Any CPU
	EndGlobalSection
	GlobalSection(SolutionProperties) = preSolution
		HideSolutionNode = FALSE
	EndGlobalSection
	GlobalSection(ExtensibilityGlobals) = postSolution
		SolutionGuid = {BE86311F-738E-4C98-82D9-8C9DE332D13E}
	EndGlobalSection
EndGlobal
