
Microsoft Visual Studio Solution File, Format Version 12.00
# Visual Studio Version 17
VisualStudioVersion = 17.0.31903.59
MinimumVisualStudioVersion = 10.0.40219.1
Project("{9A19103F-16F7-4668-BE54-9A1E7A4F7556}") = "MemoryAddressHelpers", "MemoryAddressHelpers\MemoryAddressHelpers.csproj", "{CA38727F-A176-4898-865B-E2EBF7092ACE}"
EndProject
Project("{9A19103F-16F7-4668-BE54-9A1E7A4F7556}") = "MemoryAddressHelpers.Tests", "MemoryAddressHelpers.Tests\MemoryAddressHelpers.Tests.csproj", "{5ECD2BFF-B532-43CD-91B2-EE479FF7C1DC}"
EndProject
Global
	GlobalSection(SolutionConfigurationPlatforms) = preSolution
		Debug|Any CPU = Debug|Any CPU
		Release|Any CPU = Release|Any CPU
	EndGlobalSection
	GlobalSection(ProjectConfigurationPlatforms) = postSolution
		{CA38727F-A176-4898-865B-E2EBF7092ACE}.Debug|Any CPU.ActiveCfg = Debug|Any CPU
		{CA38727F-A176-4898-865B-E2EBF7092ACE}.Debug|Any CPU.Build.0 = Debug|Any CPU
		{CA38727F-A176-4898-865B-E2EBF7092ACE}.Release|Any CPU.ActiveCfg = Release|Any CPU
		{CA38727F-A176-4898-865B-E2EBF7092ACE}.Release|Any CPU.Build.0 = Release|Any CPU
		{5ECD2BFF-B532-43CD-91B2-EE479FF7C1DC}.Debug|Any CPU.ActiveCfg = Debug|Any CPU
		{5ECD2BFF-B532-43CD-91B2-EE479FF7C1DC}.Debug|Any CPU.Build.0 = Debug|Any CPU
		{5ECD2BFF-B532-43CD-91B2-EE479FF7C1DC}.Release|Any CPU.ActiveCfg = Release|Any CPU
		{5ECD2BFF-B532-43CD-91B2-EE479FF7C1DC}.Release|Any CPU.Build.0 = Release|Any CPU
	EndGlobalSection
	GlobalSection(SolutionProperties) = preSolution
		HideSolutionNode = FALSE
	EndGlobalSection
	GlobalSection(ExtensibilityGlobals) = postSolution
		SolutionGuid = {BE86311F-738E-4C98-82D9-8C9DE332D13E}
	EndGlobalSection
EndGlobal
